// !$*UTF8*$!
{
	archiveVersion = 1;
	classes = {
	};
	objectVersion = 52;
	objects = {

/* Begin PBXBuildFile section */
		CD06337D274B5C2900F2A0A7 /* SDWebImage in Frameworks */ = {isa = PBXBuildFile; productRef = CD06337C274B5C2900F2A0A7 /* SDWebImage */; };
		CD06337F274B5E6600F2A0A7 /* NSAttributedString+extension.swift in Sources */ = {isa = PBXBuildFile; fileRef = CD06337E274B5E6600F2A0A7 /* NSAttributedString+extension.swift */; };
		CD063382274B636900F2A0A7 /* MapKit+extension.swift in Sources */ = {isa = PBXBuildFile; fileRef = CD063381274B636900F2A0A7 /* MapKit+extension.swift */; };
		CDA410B42745E7F900A398FE /* AppDelegate.swift in Sources */ = {isa = PBXBuildFile; fileRef = CDA410B32745E7F900A398FE /* AppDelegate.swift */; };
		CDA410B62745E7F900A398FE /* SceneDelegate.swift in Sources */ = {isa = PBXBuildFile; fileRef = CDA410B52745E7F900A398FE /* SceneDelegate.swift */; };
		CDA410B82745E7F900A398FE /* MainContainerViewController.swift in Sources */ = {isa = PBXBuildFile; fileRef = CDA410B72745E7F900A398FE /* MainContainerViewController.swift */; };
		CDA410BD2745E7FC00A398FE /* Assets.xcassets in Resources */ = {isa = PBXBuildFile; fileRef = CDA410BC2745E7FC00A398FE /* Assets.xcassets */; };
		CDA410C02745E7FC00A398FE /* LaunchScreen.storyboard in Resources */ = {isa = PBXBuildFile; fileRef = CDA410BE2745E7FC00A398FE /* LaunchScreen.storyboard */; };
		CDA410CB2745E7FC00A398FE /* AllTrailsFoodTests.swift in Sources */ = {isa = PBXBuildFile; fileRef = CDA410CA2745E7FC00A398FE /* AllTrailsFoodTests.swift */; };
		CDA410D62745E7FC00A398FE /* AllTrailsFoodUITests.swift in Sources */ = {isa = PBXBuildFile; fileRef = CDA410D52745E7FC00A398FE /* AllTrailsFoodUITests.swift */; };
		CDA410ED2745EFF000A398FE /* GoogleService.swift in Sources */ = {isa = PBXBuildFile; fileRef = CDA410EC2745EFF000A398FE /* GoogleService.swift */; };
		CDA410F32745F14800A398FE /* Resource.swift in Sources */ = {isa = PBXBuildFile; fileRef = CDA410EE2745F14800A398FE /* Resource.swift */; };
		CDA410F42745F14800A398FE /* Result.swift in Sources */ = {isa = PBXBuildFile; fileRef = CDA410EF2745F14800A398FE /* Result.swift */; };
		CDA410F52745F14800A398FE /* WebService.swift in Sources */ = {isa = PBXBuildFile; fileRef = CDA410F02745F14800A398FE /* WebService.swift */; };
		CDA410F62745F14800A398FE /* Response.swift in Sources */ = {isa = PBXBuildFile; fileRef = CDA410F12745F14800A398FE /* Response.swift */; };
		CDA410F92745F1EC00A398FE /* GooglePlacesService.swift in Sources */ = {isa = PBXBuildFile; fileRef = CDA410F82745F1EC00A398FE /* GooglePlacesService.swift */; };
		CDA410FB2745F35700A398FE /* GooglePlaceEnvironment.swift in Sources */ = {isa = PBXBuildFile; fileRef = CDA410FA2745F35700A398FE /* GooglePlaceEnvironment.swift */; };
		CDA410FD2745FAA400A398FE /* Place.swift in Sources */ = {isa = PBXBuildFile; fileRef = CDA410FC2745FAA400A398FE /* Place.swift */; };
		CDA410FF2746008D00A398FE /* MapViewController.swift in Sources */ = {isa = PBXBuildFile; fileRef = CDA410FE2746008D00A398FE /* MapViewController.swift */; };
		CDA411012746009E00A398FE /* ListViewController.swift in Sources */ = {isa = PBXBuildFile; fileRef = CDA411002746009E00A398FE /* ListViewController.swift */; };
		CDA41103274600B000A398FE /* DetailViewController.swift in Sources */ = {isa = PBXBuildFile; fileRef = CDA41102274600B000A398FE /* DetailViewController.swift */; };
		CDA4111A2746AFD400A398FE /* SearchView.swift in Sources */ = {isa = PBXBuildFile; fileRef = CDA411192746AFD400A398FE /* SearchView.swift */; };
		CDA4111C2746AFEB00A398FE /* OverlayView.swift in Sources */ = {isa = PBXBuildFile; fileRef = CDA4111B2746AFEB00A398FE /* OverlayView.swift */; };
		CDA4111F2746B08700A398FE /* UIColor+extension.swift in Sources */ = {isa = PBXBuildFile; fileRef = CDA4111E2746B08700A398FE /* UIColor+extension.swift */; };
		CDA411212746B0C900A398FE /* UIViewController+extension.swift in Sources */ = {isa = PBXBuildFile; fileRef = CDA411202746B0C900A398FE /* UIViewController+extension.swift */; };
		CDA411232746B0DB00A398FE /* UIView+extension.swift in Sources */ = {isa = PBXBuildFile; fileRef = CDA411222746B0DB00A398FE /* UIView+extension.swift */; };
		CDA411252746BCBF00A398FE /* PlaceCollectionViewCell.swift in Sources */ = {isa = PBXBuildFile; fileRef = CDA411242746BCBF00A398FE /* PlaceCollectionViewCell.swift */; };
		CDA411292747721E00A398FE /* UICollectionView+extension.swift in Sources */ = {isa = PBXBuildFile; fileRef = CDA411282747721E00A398FE /* UICollectionView+extension.swift */; };
		CDA4112D2747F90300A398FE /* PlacesSearchHandler.swift in Sources */ = {isa = PBXBuildFile; fileRef = CDA4112C2747F90300A398FE /* PlacesSearchHandler.swift */; };
		CDA4112F2748764B00A398FE /* UIButton+extension.swift in Sources */ = {isa = PBXBuildFile; fileRef = CDA4112E2748764B00A398FE /* UIButton+extension.swift */; };
		CDA4113327495D9A00A398FE /* PlaceViewModel.swift in Sources */ = {isa = PBXBuildFile; fileRef = CDA4113227495D9A00A398FE /* PlaceViewModel.swift */; };
		CDA41135274961B000A398FE /* PlaceAnnotationView.swift in Sources */ = {isa = PBXBuildFile; fileRef = CDA41134274961B000A398FE /* PlaceAnnotationView.swift */; };
		CDA411372749636500A398FE /* PlaceAnnotation.swift in Sources */ = {isa = PBXBuildFile; fileRef = CDA411362749636500A398FE /* PlaceAnnotation.swift */; };
		CDA4113927496FE500A398FE /* PlaceView.swift in Sources */ = {isa = PBXBuildFile; fileRef = CDA4113827496FE500A398FE /* PlaceView.swift */; };
		CDA4113B274AA02F00A398FE /* Place+extension.swift in Sources */ = {isa = PBXBuildFile; fileRef = CDA4113A274AA02F00A398FE /* Place+extension.swift */; };
		CDCE743C288F6EB0000B2CC4 /* UIView+extension.swift in Sources */ = {isa = PBXBuildFile; fileRef = CDCE743B288F6EB0000B2CC4 /* UIView+extension.swift */; };
/* End PBXBuildFile section */

/* Begin PBXContainerItemProxy section */
		CDA410C72745E7FC00A398FE /* PBXContainerItemProxy */ = {
			isa = PBXContainerItemProxy;
			containerPortal = CDA410A82745E7F900A398FE /* Project object */;
			proxyType = 1;
			remoteGlobalIDString = CDA410AF2745E7F900A398FE;
			remoteInfo = AllTrailsFood;
		};
		CDA410D22745E7FC00A398FE /* PBXContainerItemProxy */ = {
			isa = PBXContainerItemProxy;
			containerPortal = CDA410A82745E7F900A398FE /* Project object */;
			proxyType = 1;
			remoteGlobalIDString = CDA410AF2745E7F900A398FE;
			remoteInfo = AllTrailsFood;
		};
/* End PBXContainerItemProxy section */

/* Begin PBXFileReference section */
		CD06337E274B5E6600F2A0A7 /* NSAttributedString+extension.swift */ = {isa = PBXFileReference; lastKnownFileType = sourcecode.swift; path = "NSAttributedString+extension.swift"; sourceTree = "<group>"; };
		CD063381274B636900F2A0A7 /* MapKit+extension.swift */ = {isa = PBXFileReference; lastKnownFileType = sourcecode.swift; path = "MapKit+extension.swift"; sourceTree = "<group>"; };
		CDA410B02745E7F900A398FE /* AllTrailsFood.app */ = {isa = PBXFileReference; explicitFileType = wrapper.application; includeInIndex = 0; path = AllTrailsFood.app; sourceTree = BUILT_PRODUCTS_DIR; };
		CDA410B32745E7F900A398FE /* AppDelegate.swift */ = {isa = PBXFileReference; lastKnownFileType = sourcecode.swift; path = AppDelegate.swift; sourceTree = "<group>"; };
		CDA410B52745E7F900A398FE /* SceneDelegate.swift */ = {isa = PBXFileReference; lastKnownFileType = sourcecode.swift; path = SceneDelegate.swift; sourceTree = "<group>"; };
		CDA410B72745E7F900A398FE /* MainContainerViewController.swift */ = {isa = PBXFileReference; lastKnownFileType = sourcecode.swift; path = MainContainerViewController.swift; sourceTree = "<group>"; };
		CDA410BC2745E7FC00A398FE /* Assets.xcassets */ = {isa = PBXFileReference; lastKnownFileType = folder.assetcatalog; path = Assets.xcassets; sourceTree = "<group>"; };
		CDA410BF2745E7FC00A398FE /* Base */ = {isa = PBXFileReference; lastKnownFileType = file.storyboard; name = Base; path = Base.lproj/LaunchScreen.storyboard; sourceTree = "<group>"; };
		CDA410C12745E7FC00A398FE /* Info.plist */ = {isa = PBXFileReference; lastKnownFileType = text.plist.xml; path = Info.plist; sourceTree = "<group>"; };
		CDA410C62745E7FC00A398FE /* AllTrailsFoodTests.xctest */ = {isa = PBXFileReference; explicitFileType = wrapper.cfbundle; includeInIndex = 0; path = AllTrailsFoodTests.xctest; sourceTree = BUILT_PRODUCTS_DIR; };
		CDA410CA2745E7FC00A398FE /* AllTrailsFoodTests.swift */ = {isa = PBXFileReference; lastKnownFileType = sourcecode.swift; path = AllTrailsFoodTests.swift; sourceTree = "<group>"; };
		CDA410CC2745E7FC00A398FE /* Info.plist */ = {isa = PBXFileReference; lastKnownFileType = text.plist.xml; path = Info.plist; sourceTree = "<group>"; };
		CDA410D12745E7FC00A398FE /* AllTrailsFoodUITests.xctest */ = {isa = PBXFileReference; explicitFileType = wrapper.cfbundle; includeInIndex = 0; path = AllTrailsFoodUITests.xctest; sourceTree = BUILT_PRODUCTS_DIR; };
		CDA410D52745E7FC00A398FE /* AllTrailsFoodUITests.swift */ = {isa = PBXFileReference; lastKnownFileType = sourcecode.swift; path = AllTrailsFoodUITests.swift; sourceTree = "<group>"; };
		CDA410D72745E7FC00A398FE /* Info.plist */ = {isa = PBXFileReference; lastKnownFileType = text.plist.xml; path = Info.plist; sourceTree = "<group>"; };
		CDA410EC2745EFF000A398FE /* GoogleService.swift */ = {isa = PBXFileReference; lastKnownFileType = sourcecode.swift; path = GoogleService.swift; sourceTree = "<group>"; };
		CDA410EE2745F14800A398FE /* Resource.swift */ = {isa = PBXFileReference; fileEncoding = 4; lastKnownFileType = sourcecode.swift; path = Resource.swift; sourceTree = "<group>"; };
		CDA410EF2745F14800A398FE /* Result.swift */ = {isa = PBXFileReference; fileEncoding = 4; lastKnownFileType = sourcecode.swift; path = Result.swift; sourceTree = "<group>"; };
		CDA410F02745F14800A398FE /* WebService.swift */ = {isa = PBXFileReference; fileEncoding = 4; lastKnownFileType = sourcecode.swift; path = WebService.swift; sourceTree = "<group>"; };
		CDA410F12745F14800A398FE /* Response.swift */ = {isa = PBXFileReference; fileEncoding = 4; lastKnownFileType = sourcecode.swift; path = Response.swift; sourceTree = "<group>"; };
		CDA410F82745F1EC00A398FE /* GooglePlacesService.swift */ = {isa = PBXFileReference; lastKnownFileType = sourcecode.swift; path = GooglePlacesService.swift; sourceTree = "<group>"; };
		CDA410FA2745F35700A398FE /* GooglePlaceEnvironment.swift */ = {isa = PBXFileReference; lastKnownFileType = sourcecode.swift; path = GooglePlaceEnvironment.swift; sourceTree = "<group>"; };
		CDA410FC2745FAA400A398FE /* Place.swift */ = {isa = PBXFileReference; lastKnownFileType = sourcecode.swift; path = Place.swift; sourceTree = "<group>"; };
		CDA410FE2746008D00A398FE /* MapViewController.swift */ = {isa = PBXFileReference; lastKnownFileType = sourcecode.swift; path = MapViewController.swift; sourceTree = "<group>"; };
		CDA411002746009E00A398FE /* ListViewController.swift */ = {isa = PBXFileReference; lastKnownFileType = sourcecode.swift; path = ListViewController.swift; sourceTree = "<group>"; };
		CDA41102274600B000A398FE /* DetailViewController.swift */ = {isa = PBXFileReference; lastKnownFileType = sourcecode.swift; path = DetailViewController.swift; sourceTree = "<group>"; };
		CDA411192746AFD400A398FE /* SearchView.swift */ = {isa = PBXFileReference; lastKnownFileType = sourcecode.swift; path = SearchView.swift; sourceTree = "<group>"; };
		CDA4111B2746AFEB00A398FE /* OverlayView.swift */ = {isa = PBXFileReference; lastKnownFileType = sourcecode.swift; path = OverlayView.swift; sourceTree = "<group>"; };
		CDA4111E2746B08700A398FE /* UIColor+extension.swift */ = {isa = PBXFileReference; lastKnownFileType = sourcecode.swift; path = "UIColor+extension.swift"; sourceTree = "<group>"; };
		CDA411202746B0C900A398FE /* UIViewController+extension.swift */ = {isa = PBXFileReference; lastKnownFileType = sourcecode.swift; path = "UIViewController+extension.swift"; sourceTree = "<group>"; };
		CDA411222746B0DB00A398FE /* UIView+extension.swift */ = {isa = PBXFileReference; lastKnownFileType = sourcecode.swift; path = "UIView+extension.swift"; sourceTree = "<group>"; };
		CDA411242746BCBF00A398FE /* PlaceCollectionViewCell.swift */ = {isa = PBXFileReference; lastKnownFileType = sourcecode.swift; path = PlaceCollectionViewCell.swift; sourceTree = "<group>"; };
		CDA411282747721E00A398FE /* UICollectionView+extension.swift */ = {isa = PBXFileReference; lastKnownFileType = sourcecode.swift; path = "UICollectionView+extension.swift"; sourceTree = "<group>"; };
		CDA4112C2747F90300A398FE /* PlacesSearchHandler.swift */ = {isa = PBXFileReference; lastKnownFileType = sourcecode.swift; path = PlacesSearchHandler.swift; sourceTree = "<group>"; };
		CDA4112E2748764B00A398FE /* UIButton+extension.swift */ = {isa = PBXFileReference; lastKnownFileType = sourcecode.swift; path = "UIButton+extension.swift"; sourceTree = "<group>"; };
		CDA4113227495D9A00A398FE /* PlaceViewModel.swift */ = {isa = PBXFileReference; lastKnownFileType = sourcecode.swift; path = PlaceViewModel.swift; sourceTree = "<group>"; };
		CDA41134274961B000A398FE /* PlaceAnnotationView.swift */ = {isa = PBXFileReference; lastKnownFileType = sourcecode.swift; path = PlaceAnnotationView.swift; sourceTree = "<group>"; };
		CDA411362749636500A398FE /* PlaceAnnotation.swift */ = {isa = PBXFileReference; lastKnownFileType = sourcecode.swift; path = PlaceAnnotation.swift; sourceTree = "<group>"; };
		CDA4113827496FE500A398FE /* PlaceView.swift */ = {isa = PBXFileReference; lastKnownFileType = sourcecode.swift; path = PlaceView.swift; sourceTree = "<group>"; };
		CDA4113A274AA02F00A398FE /* Place+extension.swift */ = {isa = PBXFileReference; lastKnownFileType = sourcecode.swift; path = "Place+extension.swift"; sourceTree = "<group>"; };
		CDCE743B288F6EB0000B2CC4 /* UIView+extension.swift */ = {isa = PBXFileReference; lastKnownFileType = sourcecode.swift; path = "UIView+extension.swift"; sourceTree = "<group>"; };
/* End PBXFileReference section */

/* Begin PBXFrameworksBuildPhase section */
		CDA410AD2745E7F900A398FE /* Frameworks */ = {
			isa = PBXFrameworksBuildPhase;
			buildActionMask = 2147483647;
			files = (
				CD06337D274B5C2900F2A0A7 /* SDWebImage in Frameworks */,
			);
			runOnlyForDeploymentPostprocessing = 0;
		};
		CDA410C32745E7FC00A398FE /* Frameworks */ = {
			isa = PBXFrameworksBuildPhase;
			buildActionMask = 2147483647;
			files = (
			);
			runOnlyForDeploymentPostprocessing = 0;
		};
		CDA410CE2745E7FC00A398FE /* Frameworks */ = {
			isa = PBXFrameworksBuildPhase;
			buildActionMask = 2147483647;
			files = (
			);
			runOnlyForDeploymentPostprocessing = 0;
		};
/* End PBXFrameworksBuildPhase section */

/* Begin PBXGroup section */
		CDA410A72745E7F900A398FE = {
			isa = PBXGroup;
			children = (
				CDA410B22745E7F900A398FE /* AllTrailsFood */,
				CDA410C92745E7FC00A398FE /* AllTrailsFoodTests */,
				CDA410D42745E7FC00A398FE /* AllTrailsFoodUITests */,
				CDA410B12745E7F900A398FE /* Products */,
			);
			sourceTree = "<group>";
		};
		CDA410B12745E7F900A398FE /* Products */ = {
			isa = PBXGroup;
			children = (
				CDA410B02745E7F900A398FE /* AllTrailsFood.app */,
				CDA410C62745E7FC00A398FE /* AllTrailsFoodTests.xctest */,
				CDA410D12745E7FC00A398FE /* AllTrailsFoodUITests.xctest */,
			);
			name = Products;
			sourceTree = "<group>";
		};
		CDA410B22745E7F900A398FE /* AllTrailsFood */ = {
			isa = PBXGroup;
			children = (
				CDA410E32745E92E00A398FE /* UI */,
				CDA410E42745E93B00A398FE /* Data */,
				CDA4111D2746B05F00A398FE /* Common */,
				CDA410B32745E7F900A398FE /* AppDelegate.swift */,
				CDA410B52745E7F900A398FE /* SceneDelegate.swift */,
				CDA410BC2745E7FC00A398FE /* Assets.xcassets */,
				CDA410BE2745E7FC00A398FE /* LaunchScreen.storyboard */,
				CDA410C12745E7FC00A398FE /* Info.plist */,
			);
			path = AllTrailsFood;
			sourceTree = "<group>";
		};
		CDA410C92745E7FC00A398FE /* AllTrailsFoodTests */ = {
			isa = PBXGroup;
			children = (
				CDA410CA2745E7FC00A398FE /* AllTrailsFoodTests.swift */,
				CDA410CC2745E7FC00A398FE /* Info.plist */,
			);
			path = AllTrailsFoodTests;
			sourceTree = "<group>";
		};
		CDA410D42745E7FC00A398FE /* AllTrailsFoodUITests */ = {
			isa = PBXGroup;
			children = (
				CDA410D52745E7FC00A398FE /* AllTrailsFoodUITests.swift */,
				CDA410D72745E7FC00A398FE /* Info.plist */,
			);
			path = AllTrailsFoodUITests;
			sourceTree = "<group>";
		};
		CDA410E32745E92E00A398FE /* UI */ = {
			isa = PBXGroup;
			children = (
				CDA4113127495D4D00A398FE /* Common */,
				CDA4113027495D3800A398FE /* Views */,
				CDA410B72745E7F900A398FE /* MainContainerViewController.swift */,
				CDA411002746009E00A398FE /* ListViewController.swift */,
				CDA410FE2746008D00A398FE /* MapViewController.swift */,
				CDA41102274600B000A398FE /* DetailViewController.swift */,
			);
			path = UI;
			sourceTree = "<group>";
		};
		CDA410E42745E93B00A398FE /* Data */ = {
			isa = PBXGroup;
			children = (
				CDA410EB2745EF8F00A398FE /* GoogleService */,
				CDA410E52745E95C00A398FE /* WebService */,
			);
			path = Data;
			sourceTree = "<group>";
		};
		CDA410E52745E95C00A398FE /* WebService */ = {
			isa = PBXGroup;
			children = (
				CDA410EE2745F14800A398FE /* Resource.swift */,
				CDA410F12745F14800A398FE /* Response.swift */,
				CDA410EF2745F14800A398FE /* Result.swift */,
				CDA410F02745F14800A398FE /* WebService.swift */,
			);
			path = WebService;
			sourceTree = "<group>";
		};
		CDA410EB2745EF8F00A398FE /* GoogleService */ = {
			isa = PBXGroup;
			children = (
				CDA410EC2745EFF000A398FE /* GoogleService.swift */,
				CDA410FA2745F35700A398FE /* GooglePlaceEnvironment.swift */,
				CDA410F82745F1EC00A398FE /* GooglePlacesService.swift */,
				CDA410FC2745FAA400A398FE /* Place.swift */,
			);
			path = GoogleService;
			sourceTree = "<group>";
		};
		CDA4111D2746B05F00A398FE /* Common */ = {
			isa = PBXGroup;
			children = (
				CD063381274B636900F2A0A7 /* MapKit+extension.swift */,
				CD06337E274B5E6600F2A0A7 /* NSAttributedString+extension.swift */,
				CDA4112E2748764B00A398FE /* UIButton+extension.swift */,
				CDA411282747721E00A398FE /* UICollectionView+extension.swift */,
				CDA4111E2746B08700A398FE /* UIColor+extension.swift */,
				CDA411222746B0DB00A398FE /* UIView+extension.swift */,
				CDA411202746B0C900A398FE /* UIViewController+extension.swift */,
			);
			path = Common;
			sourceTree = "<group>";
		};
		CDA4113027495D3800A398FE /* Views */ = {
			isa = PBXGroup;
			children = (
				CDA4111B2746AFEB00A398FE /* OverlayView.swift */,
				CDA41134274961B000A398FE /* PlaceAnnotationView.swift */,
				CDA411242746BCBF00A398FE /* PlaceCollectionViewCell.swift */,
				CDA4113827496FE500A398FE /* PlaceView.swift */,
				CDA411192746AFD400A398FE /* SearchView.swift */,
			);
			path = Views;
			sourceTree = "<group>";
		};
		CDA4113127495D4D00A398FE /* Common */ = {
			isa = PBXGroup;
			children = (
				CDA4113A274AA02F00A398FE /* Place+extension.swift */,
				CDA411362749636500A398FE /* PlaceAnnotation.swift */,
				CDA4112C2747F90300A398FE /* PlacesSearchHandler.swift */,
				CDA4113227495D9A00A398FE /* PlaceViewModel.swift */,
				CDCE743B288F6EB0000B2CC4 /* UIView+extension.swift */,
			);
			path = Common;
			sourceTree = "<group>";
		};
/* End PBXGroup section */

/* Begin PBXNativeTarget section */
		CDA410AF2745E7F900A398FE /* AllTrailsFood */ = {
			isa = PBXNativeTarget;
			buildConfigurationList = CDA410DA2745E7FC00A398FE /* Build configuration list for PBXNativeTarget "AllTrailsFood" */;
			buildPhases = (
				CDA410AC2745E7F900A398FE /* Sources */,
				CDA410AD2745E7F900A398FE /* Frameworks */,
				CDA410AE2745E7F900A398FE /* Resources */,
			);
			buildRules = (
			);
			dependencies = (
			);
			name = AllTrailsFood;
			packageProductDependencies = (
				CD06337C274B5C2900F2A0A7 /* SDWebImage */,
			);
			productName = AllTrailsFood;
			productReference = CDA410B02745E7F900A398FE /* AllTrailsFood.app */;
			productType = "com.apple.product-type.application";
		};
		CDA410C52745E7FC00A398FE /* AllTrailsFoodTests */ = {
			isa = PBXNativeTarget;
			buildConfigurationList = CDA410DD2745E7FC00A398FE /* Build configuration list for PBXNativeTarget "AllTrailsFoodTests" */;
			buildPhases = (
				CDA410C22745E7FC00A398FE /* Sources */,
				CDA410C32745E7FC00A398FE /* Frameworks */,
				CDA410C42745E7FC00A398FE /* Resources */,
			);
			buildRules = (
			);
			dependencies = (
				CDA410C82745E7FC00A398FE /* PBXTargetDependency */,
			);
			name = AllTrailsFoodTests;
			productName = AllTrailsFoodTests;
			productReference = CDA410C62745E7FC00A398FE /* AllTrailsFoodTests.xctest */;
			productType = "com.apple.product-type.bundle.unit-test";
		};
		CDA410D02745E7FC00A398FE /* AllTrailsFoodUITests */ = {
			isa = PBXNativeTarget;
			buildConfigurationList = CDA410E02745E7FC00A398FE /* Build configuration list for PBXNativeTarget "AllTrailsFoodUITests" */;
			buildPhases = (
				CDA410CD2745E7FC00A398FE /* Sources */,
				CDA410CE2745E7FC00A398FE /* Frameworks */,
				CDA410CF2745E7FC00A398FE /* Resources */,
			);
			buildRules = (
			);
			dependencies = (
				CDA410D32745E7FC00A398FE /* PBXTargetDependency */,
			);
			name = AllTrailsFoodUITests;
			productName = AllTrailsFoodUITests;
			productReference = CDA410D12745E7FC00A398FE /* AllTrailsFoodUITests.xctest */;
			productType = "com.apple.product-type.bundle.ui-testing";
		};
/* End PBXNativeTarget section */

/* Begin PBXProject section */
		CDA410A82745E7F900A398FE /* Project object */ = {
			isa = PBXProject;
			attributes = {
				LastSwiftUpdateCheck = 1250;
				LastUpgradeCheck = 1250;
				TargetAttributes = {
					CDA410AF2745E7F900A398FE = {
						CreatedOnToolsVersion = 12.5.1;
					};
					CDA410C52745E7FC00A398FE = {
						CreatedOnToolsVersion = 12.5.1;
						TestTargetID = CDA410AF2745E7F900A398FE;
					};
					CDA410D02745E7FC00A398FE = {
						CreatedOnToolsVersion = 12.5.1;
						TestTargetID = CDA410AF2745E7F900A398FE;
					};
				};
			};
			buildConfigurationList = CDA410AB2745E7F900A398FE /* Build configuration list for PBXProject "AllTrailsFood" */;
			compatibilityVersion = "Xcode 9.3";
			developmentRegion = en;
			hasScannedForEncodings = 0;
			knownRegions = (
				en,
				Base,
			);
			mainGroup = CDA410A72745E7F900A398FE;
			packageReferences = (
				CD06337B274B5C2900F2A0A7 /* XCRemoteSwiftPackageReference "SDWebImage" */,
			);
			productRefGroup = CDA410B12745E7F900A398FE /* Products */;
			projectDirPath = "";
			projectRoot = "";
			targets = (
				CDA410AF2745E7F900A398FE /* AllTrailsFood */,
				CDA410C52745E7FC00A398FE /* AllTrailsFoodTests */,
				CDA410D02745E7FC00A398FE /* AllTrailsFoodUITests */,
			);
		};
/* End PBXProject section */

/* Begin PBXResourcesBuildPhase section */
		CDA410AE2745E7F900A398FE /* Resources */ = {
			isa = PBXResourcesBuildPhase;
			buildActionMask = 2147483647;
			files = (
				CDA410C02745E7FC00A398FE /* LaunchScreen.storyboard in Resources */,
				CDA410BD2745E7FC00A398FE /* Assets.xcassets in Resources */,
			);
			runOnlyForDeploymentPostprocessing = 0;
		};
		CDA410C42745E7FC00A398FE /* Resources */ = {
			isa = PBXResourcesBuildPhase;
			buildActionMask = 2147483647;
			files = (
			);
			runOnlyForDeploymentPostprocessing = 0;
		};
		CDA410CF2745E7FC00A398FE /* Resources */ = {
			isa = PBXResourcesBuildPhase;
			buildActionMask = 2147483647;
			files = (
			);
			runOnlyForDeploymentPostprocessing = 0;
		};
/* End PBXResourcesBuildPhase section */

/* Begin PBXSourcesBuildPhase section */
		CDA410AC2745E7F900A398FE /* Sources */ = {
			isa = PBXSourcesBuildPhase;
			buildActionMask = 2147483647;
			files = (
				CDA410F62745F14800A398FE /* Response.swift in Sources */,
				CDA410F92745F1EC00A398FE /* GooglePlacesService.swift in Sources */,
				CDA411212746B0C900A398FE /* UIViewController+extension.swift in Sources */,
				CDA41135274961B000A398FE /* PlaceAnnotationView.swift in Sources */,
				CDA411372749636500A398FE /* PlaceAnnotation.swift in Sources */,
				CDA410F42745F14800A398FE /* Result.swift in Sources */,
				CDA411292747721E00A398FE /* UICollectionView+extension.swift in Sources */,
				CDA4112F2748764B00A398FE /* UIButton+extension.swift in Sources */,
				CDA4112D2747F90300A398FE /* PlacesSearchHandler.swift in Sources */,
				CDA410ED2745EFF000A398FE /* GoogleService.swift in Sources */,
				CDA410F52745F14800A398FE /* WebService.swift in Sources */,
				CDCE743C288F6EB0000B2CC4 /* UIView+extension.swift in Sources */,
				CDA410B82745E7F900A398FE /* MainContainerViewController.swift in Sources */,
				CDA4113927496FE500A398FE /* PlaceView.swift in Sources */,
				CD06337F274B5E6600F2A0A7 /* NSAttributedString+extension.swift in Sources */,
				CDA4111F2746B08700A398FE /* UIColor+extension.swift in Sources */,
				CDA410B42745E7F900A398FE /* AppDelegate.swift in Sources */,
				CDA410FF2746008D00A398FE /* MapViewController.swift in Sources */,
				CDA411232746B0DB00A398FE /* UIView+extension.swift in Sources */,
				CDA410FB2745F35700A398FE /* GooglePlaceEnvironment.swift in Sources */,
				CDA4111C2746AFEB00A398FE /* OverlayView.swift in Sources */,
				CDA4113327495D9A00A398FE /* PlaceViewModel.swift in Sources */,
				CD063382274B636900F2A0A7 /* MapKit+extension.swift in Sources */,
				CDA410F32745F14800A398FE /* Resource.swift in Sources */,
				CDA4111A2746AFD400A398FE /* SearchView.swift in Sources */,
				CDA410FD2745FAA400A398FE /* Place.swift in Sources */,
				CDA411252746BCBF00A398FE /* PlaceCollectionViewCell.swift in Sources */,
				CDA411012746009E00A398FE /* ListViewController.swift in Sources */,
				CDA4113B274AA02F00A398FE /* Place+extension.swift in Sources */,
				CDA410B62745E7F900A398FE /* SceneDelegate.swift in Sources */,
				CDA41103274600B000A398FE /* DetailViewController.swift in Sources */,
			);
			runOnlyForDeploymentPostprocessing = 0;
		};
		CDA410C22745E7FC00A398FE /* Sources */ = {
			isa = PBXSourcesBuildPhase;
			buildActionMask = 2147483647;
			files = (
				CDA410CB2745E7FC00A398FE /* AllTrailsFoodTests.swift in Sources */,
			);
			runOnlyForDeploymentPostprocessing = 0;
		};
		CDA410CD2745E7FC00A398FE /* Sources */ = {
			isa = PBXSourcesBuildPhase;
			buildActionMask = 2147483647;
			files = (
				CDA410D62745E7FC00A398FE /* AllTrailsFoodUITests.swift in Sources */,
			);
			runOnlyForDeploymentPostprocessing = 0;
		};
/* End PBXSourcesBuildPhase section */

/* Begin PBXTargetDependency section */
		CDA410C82745E7FC00A398FE /* PBXTargetDependency */ = {
			isa = PBXTargetDependency;
			target = CDA410AF2745E7F900A398FE /* AllTrailsFood */;
			targetProxy = CDA410C72745E7FC00A398FE /* PBXContainerItemProxy */;
		};
		CDA410D32745E7FC00A398FE /* PBXTargetDependency */ = {
			isa = PBXTargetDependency;
			target = CDA410AF2745E7F900A398FE /* AllTrailsFood */;
			targetProxy = CDA410D22745E7FC00A398FE /* PBXContainerItemProxy */;
		};
/* End PBXTargetDependency section */

/* Begin PBXVariantGroup section */
		CDA410BE2745E7FC00A398FE /* LaunchScreen.storyboard */ = {
			isa = PBXVariantGroup;
			children = (
				CDA410BF2745E7FC00A398FE /* Base */,
			);
			name = LaunchScreen.storyboard;
			sourceTree = "<group>";
		};
/* End PBXVariantGroup section */

/* Begin XCBuildConfiguration section */
		CDA410D82745E7FC00A398FE /* Debug */ = {
			isa = XCBuildConfiguration;
			buildSettings = {
				ALWAYS_SEARCH_USER_PATHS = NO;
				CLANG_ANALYZER_NONNULL = YES;
				CLANG_ANALYZER_NUMBER_OBJECT_CONVERSION = YES_AGGRESSIVE;
				CLANG_CXX_LANGUAGE_STANDARD = "gnu++14";
				CLANG_CXX_LIBRARY = "libc++";
				CLANG_ENABLE_MODULES = YES;
				CLANG_ENABLE_OBJC_ARC = YES;
				CLANG_ENABLE_OBJC_WEAK = YES;
				CLANG_WARN_BLOCK_CAPTURE_AUTORELEASING = YES;
				CLANG_WARN_BOOL_CONVERSION = YES;
				CLANG_WARN_COMMA = YES;
				CLANG_WARN_CONSTANT_CONVERSION = YES;
				CLANG_WARN_DEPRECATED_OBJC_IMPLEMENTATIONS = YES;
				CLANG_WARN_DIRECT_OBJC_ISA_USAGE = YES_ERROR;
				CLANG_WARN_DOCUMENTATION_COMMENTS = YES;
				CLANG_WARN_EMPTY_BODY = YES;
				CLANG_WARN_ENUM_CONVERSION = YES;
				CLANG_WARN_INFINITE_RECURSION = YES;
				CLANG_WARN_INT_CONVERSION = YES;
				CLANG_WARN_NON_LITERAL_NULL_CONVERSION = YES;
				CLANG_WARN_OBJC_IMPLICIT_RETAIN_SELF = YES;
				CLANG_WARN_OBJC_LITERAL_CONVERSION = YES;
				CLANG_WARN_OBJC_ROOT_CLASS = YES_ERROR;
				CLANG_WARN_QUOTED_INCLUDE_IN_FRAMEWORK_HEADER = YES;
				CLANG_WARN_RANGE_LOOP_ANALYSIS = YES;
				CLANG_WARN_STRICT_PROTOTYPES = YES;
				CLANG_WARN_SUSPICIOUS_MOVE = YES;
				CLANG_WARN_UNGUARDED_AVAILABILITY = YES_AGGRESSIVE;
				CLANG_WARN_UNREACHABLE_CODE = YES;
				CLANG_WARN__DUPLICATE_METHOD_MATCH = YES;
				COPY_PHASE_STRIP = NO;
				DEBUG_INFORMATION_FORMAT = dwarf;
				ENABLE_STRICT_OBJC_MSGSEND = YES;
				ENABLE_TESTABILITY = YES;
				GCC_C_LANGUAGE_STANDARD = gnu11;
				GCC_DYNAMIC_NO_PIC = NO;
				GCC_NO_COMMON_BLOCKS = YES;
				GCC_OPTIMIZATION_LEVEL = 0;
				GCC_PREPROCESSOR_DEFINITIONS = (
					"DEBUG=1",
					"$(inherited)",
				);
				GCC_WARN_64_TO_32_BIT_CONVERSION = YES;
				GCC_WARN_ABOUT_RETURN_TYPE = YES_ERROR;
				GCC_WARN_UNDECLARED_SELECTOR = YES;
				GCC_WARN_UNINITIALIZED_AUTOS = YES_AGGRESSIVE;
				GCC_WARN_UNUSED_FUNCTION = YES;
				GCC_WARN_UNUSED_VARIABLE = YES;
				IPHONEOS_DEPLOYMENT_TARGET = 14.5;
				MTL_ENABLE_DEBUG_INFO = INCLUDE_SOURCE;
				MTL_FAST_MATH = YES;
				ONLY_ACTIVE_ARCH = YES;
				SDKROOT = iphoneos;
				SWIFT_ACTIVE_COMPILATION_CONDITIONS = DEBUG;
				SWIFT_OPTIMIZATION_LEVEL = "-Onone";
			};
			name = Debug;
		};
		CDA410D92745E7FC00A398FE /* Release */ = {
			isa = XCBuildConfiguration;
			buildSettings = {
				ALWAYS_SEARCH_USER_PATHS = NO;
				CLANG_ANALYZER_NONNULL = YES;
				CLANG_ANALYZER_NUMBER_OBJECT_CONVERSION = YES_AGGRESSIVE;
				CLANG_CXX_LANGUAGE_STANDARD = "gnu++14";
				CLANG_CXX_LIBRARY = "libc++";
				CLANG_ENABLE_MODULES = YES;
				CLANG_ENABLE_OBJC_ARC = YES;
				CLANG_ENABLE_OBJC_WEAK = YES;
				CLANG_WARN_BLOCK_CAPTURE_AUTORELEASING = YES;
				CLANG_WARN_BOOL_CONVERSION = YES;
				CLANG_WARN_COMMA = YES;
				CLANG_WARN_CONSTANT_CONVERSION = YES;
				CLANG_WARN_DEPRECATED_OBJC_IMPLEMENTATIONS = YES;
				CLANG_WARN_DIRECT_OBJC_ISA_USAGE = YES_ERROR;
				CLANG_WARN_DOCUMENTATION_COMMENTS = YES;
				CLANG_WARN_EMPTY_BODY = YES;
				CLANG_WARN_ENUM_CONVERSION = YES;
				CLANG_WARN_INFINITE_RECURSION = YES;
				CLANG_WARN_INT_CONVERSION = YES;
				CLANG_WARN_NON_LITERAL_NULL_CONVERSION = YES;
				CLANG_WARN_OBJC_IMPLICIT_RETAIN_SELF = YES;
				CLANG_WARN_OBJC_LITERAL_CONVERSION = YES;
				CLANG_WARN_OBJC_ROOT_CLASS = YES_ERROR;
				CLANG_WARN_QUOTED_INCLUDE_IN_FRAMEWORK_HEADER = YES;
				CLANG_WARN_RANGE_LOOP_ANALYSIS = YES;
				CLANG_WARN_STRICT_PROTOTYPES = YES;
				CLANG_WARN_SUSPICIOUS_MOVE = YES;
				CLANG_WARN_UNGUARDED_AVAILABILITY = YES_AGGRESSIVE;
				CLANG_WARN_UNREACHABLE_CODE = YES;
				CLANG_WARN__DUPLICATE_METHOD_MATCH = YES;
				COPY_PHASE_STRIP = NO;
				DEBUG_INFORMATION_FORMAT = "dwarf-with-dsym";
				ENABLE_NS_ASSERTIONS = NO;
				ENABLE_STRICT_OBJC_MSGSEND = YES;
				GCC_C_LANGUAGE_STANDARD = gnu11;
				GCC_NO_COMMON_BLOCKS = YES;
				GCC_WARN_64_TO_32_BIT_CONVERSION = YES;
				GCC_WARN_ABOUT_RETURN_TYPE = YES_ERROR;
				GCC_WARN_UNDECLARED_SELECTOR = YES;
				GCC_WARN_UNINITIALIZED_AUTOS = YES_AGGRESSIVE;
				GCC_WARN_UNUSED_FUNCTION = YES;
				GCC_WARN_UNUSED_VARIABLE = YES;
				IPHONEOS_DEPLOYMENT_TARGET = 14.5;
				MTL_ENABLE_DEBUG_INFO = NO;
				MTL_FAST_MATH = YES;
				SDKROOT = iphoneos;
				SWIFT_COMPILATION_MODE = wholemodule;
				SWIFT_OPTIMIZATION_LEVEL = "-O";
				VALIDATE_PRODUCT = YES;
			};
			name = Release;
		};
		CDA410DB2745E7FC00A398FE /* Debug */ = {
			isa = XCBuildConfiguration;
			buildSettings = {
				ASSETCATALOG_COMPILER_APPICON_NAME = AppIcon;
				ASSETCATALOG_COMPILER_GLOBAL_ACCENT_COLOR_NAME = AccentColor;
				CODE_SIGN_STYLE = Automatic;
				INFOPLIST_FILE = AllTrailsFood/Info.plist;
				LD_RUNPATH_SEARCH_PATHS = (
					"$(inherited)",
					"@executable_path/Frameworks",
				);
				PRODUCT_BUNDLE_IDENTIFIER = com.sgpapps.AllTrailsFood;
				PRODUCT_NAME = "$(TARGET_NAME)";
				SWIFT_VERSION = 5.0;
				TARGETED_DEVICE_FAMILY = "1,2";
			};
			name = Debug;
		};
		CDA410DC2745E7FC00A398FE /* Release */ = {
			isa = XCBuildConfiguration;
			buildSettings = {
				ASSETCATALOG_COMPILER_APPICON_NAME = AppIcon;
				ASSETCATALOG_COMPILER_GLOBAL_ACCENT_COLOR_NAME = AccentColor;
				CODE_SIGN_STYLE = Automatic;
				INFOPLIST_FILE = AllTrailsFood/Info.plist;
				LD_RUNPATH_SEARCH_PATHS = (
					"$(inherited)",
					"@executable_path/Frameworks",
				);
				PRODUCT_BUNDLE_IDENTIFIER = com.sgpapps.AllTrailsFood;
				PRODUCT_NAME = "$(TARGET_NAME)";
				SWIFT_VERSION = 5.0;
				TARGETED_DEVICE_FAMILY = "1,2";
			};
			name = Release;
		};
		CDA410DE2745E7FC00A398FE /* Debug */ = {
			isa = XCBuildConfiguration;
			buildSettings = {
				ALWAYS_EMBED_SWIFT_STANDARD_LIBRARIES = YES;
				BUNDLE_LOADER = "$(TEST_HOST)";
				CODE_SIGN_STYLE = Automatic;
				INFOPLIST_FILE = AllTrailsFoodTests/Info.plist;
				IPHONEOS_DEPLOYMENT_TARGET = 14.5;
				LD_RUNPATH_SEARCH_PATHS = (
					"$(inherited)",
					"@executable_path/Frameworks",
					"@loader_path/Frameworks",
				);
				PRODUCT_BUNDLE_IDENTIFIER = com.sgpapps.AllTrailsFoodTests;
				PRODUCT_NAME = "$(TARGET_NAME)";
				SWIFT_VERSION = 5.0;
				TARGETED_DEVICE_FAMILY = "1,2";
				TEST_HOST = "$(BUILT_PRODUCTS_DIR)/AllTrailsFood.app/AllTrailsFood";
			};
			name = Debug;
		};
		CDA410DF2745E7FC00A398FE /* Release */ = {
			isa = XCBuildConfiguration;
			buildSettings = {
				ALWAYS_EMBED_SWIFT_STANDARD_LIBRARIES = YES;
				BUNDLE_LOADER = "$(TEST_HOST)";
				CODE_SIGN_STYLE = Automatic;
				INFOPLIST_FILE = AllTrailsFoodTests/Info.plist;
				IPHONEOS_DEPLOYMENT_TARGET = 14.5;
				LD_RUNPATH_SEARCH_PATHS = (
					"$(inherited)",
					"@executable_path/Frameworks",
					"@loader_path/Frameworks",
				);
				PRODUCT_BUNDLE_IDENTIFIER = com.sgpapps.AllTrailsFoodTests;
				PRODUCT_NAME = "$(TARGET_NAME)";
				SWIFT_VERSION = 5.0;
				TARGETED_DEVICE_FAMILY = "1,2";
				TEST_HOST = "$(BUILT_PRODUCTS_DIR)/AllTrailsFood.app/AllTrailsFood";
			};
			name = Release;
		};
		CDA410E12745E7FC00A398FE /* Debug */ = {
			isa = XCBuildConfiguration;
			buildSettings = {
				ALWAYS_EMBED_SWIFT_STANDARD_LIBRARIES = YES;
				CODE_SIGN_STYLE = Automatic;
				INFOPLIST_FILE = AllTrailsFoodUITests/Info.plist;
				LD_RUNPATH_SEARCH_PATHS = (
					"$(inherited)",
					"@executable_path/Frameworks",
					"@loader_path/Frameworks",
				);
				PRODUCT_BUNDLE_IDENTIFIER = com.sgpapps.AllTrailsFoodUITests;
				PRODUCT_NAME = "$(TARGET_NAME)";
				SWIFT_VERSION = 5.0;
				TARGETED_DEVICE_FAMILY = "1,2";
				TEST_TARGET_NAME = AllTrailsFood;
			};
			name = Debug;
		};
		CDA410E22745E7FC00A398FE /* Release */ = {
			isa = XCBuildConfiguration;
			buildSettings = {
				ALWAYS_EMBED_SWIFT_STANDARD_LIBRARIES = YES;
				CODE_SIGN_STYLE = Automatic;
				INFOPLIST_FILE = AllTrailsFoodUITests/Info.plist;
				LD_RUNPATH_SEARCH_PATHS = (
					"$(inherited)",
					"@executable_path/Frameworks",
					"@loader_path/Frameworks",
				);
				PRODUCT_BUNDLE_IDENTIFIER = com.sgpapps.AllTrailsFoodUITests;
				PRODUCT_NAME = "$(TARGET_NAME)";
				SWIFT_VERSION = 5.0;
				TARGETED_DEVICE_FAMILY = "1,2";
				TEST_TARGET_NAME = AllTrailsFood;
			};
			name = Release;
		};
/* End XCBuildConfiguration section */

/* Begin XCConfigurationList section */
		CDA410AB2745E7F900A398FE /* Build configuration list for PBXProject "AllTrailsFood" */ = {
			isa = XCConfigurationList;
			buildConfigurations = (
				CDA410D82745E7FC00A398FE /* Debug */,
				CDA410D92745E7FC00A398FE /* Release */,
			);
			defaultConfigurationIsVisible = 0;
			defaultConfigurationName = Release;
		};
		CDA410DA2745E7FC00A398FE /* Build configuration list for PBXNativeTarget "AllTrailsFood" */ = {
			isa = XCConfigurationList;
			buildConfigurations = (
				CDA410DB2745E7FC00A398FE /* Debug */,
				CDA410DC2745E7FC00A398FE /* Release */,
			);
			defaultConfigurationIsVisible = 0;
			defaultConfigurationName = Release;
		};
		CDA410DD2745E7FC00A398FE /* Build configuration list for PBXNativeTarget "AllTrailsFoodTests" */ = {
			isa = XCConfigurationList;
			buildConfigurations = (
				CDA410DE2745E7FC00A398FE /* Debug */,
				CDA410DF2745E7FC00A398FE /* Release */,
			);
			defaultConfigurationIsVisible = 0;
			defaultConfigurationName = Release;
		};
		CDA410E02745E7FC00A398FE /* Build configuration list for PBXNativeTarget "AllTrailsFoodUITests" */ = {
			isa = XCConfigurationList;
			buildConfigurations = (
				CDA410E12745E7FC00A398FE /* Debug */,
				CDA410E22745E7FC00A398FE /* Release */,
			);
			defaultConfigurationIsVisible = 0;
			defaultConfigurationName = Release;
		};
/* End XCConfigurationList section */

/* Begin XCRemoteSwiftPackageReference section */
		CD06337B274B5C2900F2A0A7 /* XCRemoteSwiftPackageReference "SDWebImage" */ = {
			isa = XCRemoteSwiftPackageReference;
			repositoryURL = "https://github.com/SDWebImage/SDWebImage";
			requirement = {
				kind = upToNextMajorVersion;
				minimumVersion = 5.12.1;
			};
		};
/* End XCRemoteSwiftPackageReference section */

/* Begin XCSwiftPackageProductDependency section */
		CD06337C274B5C2900F2A0A7 /* SDWebImage */ = {
			isa = XCSwiftPackageProductDependency;
			package = CD06337B274B5C2900F2A0A7 /* XCRemoteSwiftPackageReference "SDWebImage" */;
			productName = SDWebImage;
		};
/* End XCSwiftPackageProductDependency section */
	};
	rootObject = CDA410A82745E7F900A398FE /* Project object */;
}
