{
  "pins" : [
    {
      "identity" : "sdwebimage",
      "kind" : "remoteSourceControl",
      "location" : "https://github.com/SDWebImage/SDWebImage",
      "state" : {
        "revision" : "a72df4849408da7e5d3c1b586797b7c601c41d1b",
        "version" : "5.12.1"
      }
    }
  ],
  "version" : 2
}
